
Microsoft Visual Studio Solution File, Format Version 12.00
# Visual Studio Version 16
VisualStudioVersion = 16.0.28922.388
MinimumVisualStudioVersion = 10.0.40219.1
Project("{9A19103F-16F7-4668-BE54-9A1E7A4F7556}") = "AOTMapper.Analyzers", "AOTMapper\AOTMapper.Analyzers\AOTMapper.Analyzers.csproj", "{D63854B4-111A-4DB7-AFDB-7C45D31E69AB}"
EndProject
Project("{9A19103F-16F7-4668-BE54-9A1E7A4F7556}") = "AOTMapper.Core", "AOTMapper.Core\AOTMapper.Core.csproj", "{15546505-E272-4CAC-9396-D2344FDEB00D}"
EndProject
Project("{FAE04EC0-301F-11D3-BF4B-00C04F79EFBC}") = "AOTMapper.Benchmark", "AOTMapper.Benchmark\AOTMapper.Benchmark.csproj", "{C33C735F-3F99-4E99-B00C-7A3E4D06078C}"
EndProject
Project("{FAE04EC0-301F-11D3-BF4B-00C04F79EFBC}") = "AOTMapper.Tests", "AOTMapper.Tests\AOTMapper.Tests.csproj", "{E9FCCC4F-9835-4440-8747-C299314C7B6B}"
EndProject
Project("{2150E333-8FDC-42A3-9474-1A3956D46DE8}") = "Tests", "Tests", "{C91B0C81-14D9-4295-B753-3E2F60C6E7B5}"
EndProject
Project("{2150E333-8FDC-42A3-9474-1A3956D46DE8}") = "Library", "Library", "{209ADA49-623A-45EF-8E81-74C183BE1F72}"
EndProject
Project("{FAE04EC0-301F-11D3-BF4B-00C04F79EFBC}") = "AOTMapper.TestProject", "AOTMapper.TestProject\AOTMapper.TestProject.csproj", "{07F745FE-8AF4-49D5-B23B-74816AE6290A}"
EndProject
Global
	GlobalSection(SolutionConfigurationPlatforms) = preSolution
		Debug|Any CPU = Debug|Any CPU
		Release|Any CPU = Release|Any CPU
	EndGlobalSection
	GlobalSection(ProjectConfigurationPlatforms) = postSolution
		{D63854B4-111A-4DB7-AFDB-7C45D31E69AB}.Debug|Any CPU.ActiveCfg = Debug|Any CPU
		{D63854B4-111A-4DB7-AFDB-7C45D31E69AB}.Debug|Any CPU.Build.0 = Debug|Any CPU
		{D63854B4-111A-4DB7-AFDB-7C45D31E69AB}.Release|Any CPU.ActiveCfg = Release|Any CPU
		{D63854B4-111A-4DB7-AFDB-7C45D31E69AB}.Release|Any CPU.Build.0 = Release|Any CPU
		{15546505-E272-4CAC-9396-D2344FDEB00D}.Debug|Any CPU.ActiveCfg = Debug|Any CPU
		{15546505-E272-4CAC-9396-D2344FDEB00D}.Debug|Any CPU.Build.0 = Debug|Any CPU
		{15546505-E272-4CAC-9396-D2344FDEB00D}.Release|Any CPU.ActiveCfg = Release|Any CPU
		{15546505-E272-4CAC-9396-D2344FDEB00D}.Release|Any CPU.Build.0 = Release|Any CPU
		{C33C735F-3F99-4E99-B00C-7A3E4D06078C}.Debug|Any CPU.ActiveCfg = Debug|Any CPU
		{C33C735F-3F99-4E99-B00C-7A3E4D06078C}.Debug|Any CPU.Build.0 = Debug|Any CPU
		{C33C735F-3F99-4E99-B00C-7A3E4D06078C}.Release|Any CPU.ActiveCfg = Release|Any CPU
		{C33C735F-3F99-4E99-B00C-7A3E4D06078C}.Release|Any CPU.Build.0 = Release|Any CPU
		{E9FCCC4F-9835-4440-8747-C299314C7B6B}.Debug|Any CPU.ActiveCfg = Debug|Any CPU
		{E9FCCC4F-9835-4440-8747-C299314C7B6B}.Debug|Any CPU.Build.0 = Debug|Any CPU
		{E9FCCC4F-9835-4440-8747-C299314C7B6B}.Release|Any CPU.ActiveCfg = Release|Any CPU
		{E9FCCC4F-9835-4440-8747-C299314C7B6B}.Release|Any CPU.Build.0 = Release|Any CPU
		{07F745FE-8AF4-49D5-B23B-74816AE6290A}.Debug|Any CPU.ActiveCfg = Debug|Any CPU
		{07F745FE-8AF4-49D5-B23B-74816AE6290A}.Debug|Any CPU.Build.0 = Debug|Any CPU
		{07F745FE-8AF4-49D5-B23B-74816AE6290A}.Release|Any CPU.ActiveCfg = Release|Any CPU
		{07F745FE-8AF4-49D5-B23B-74816AE6290A}.Release|Any CPU.Build.0 = Release|Any CPU
	EndGlobalSection
	GlobalSection(SolutionProperties) = preSolution
		HideSolutionNode = FALSE
	EndGlobalSection
	GlobalSection(ExtensibilityGlobals) = postSolution
		SolutionGuid = {6E35F647-E6F1-4271-A8C7-1991F41E6209}
	EndGlobalSection
	GlobalSection(NestedProjects) = preSolution
		{E9FCCC4F-9835-4440-8747-C299314C7B6B} = {C91B0C81-14D9-4295-B753-3E2F60C6E7B5}
		{C33C735F-3F99-4E99-B00C-7A3E4D06078C} = {C91B0C81-14D9-4295-B753-3E2F60C6E7B5}
		{D63854B4-111A-4DB7-AFDB-7C45D31E69AB} = {209ADA49-623A-45EF-8E81-74C183BE1F72}
		{15546505-E272-4CAC-9396-D2344FDEB00D} = {209ADA49-623A-45EF-8E81-74C183BE1F72}
		{07F745FE-8AF4-49D5-B23B-74816AE6290A} = {C91B0C81-14D9-4295-B753-3E2F60C6E7B5}
	EndGlobalSection
EndGlobal
